
Microsoft Visual Studio Solution File, Format Version 12.00
# Visual Studio Version 16
VisualStudioVersion = 16.0.31911.196
MinimumVisualStudioVersion = 10.0.40219.1
Project("{FAE04EC0-301F-11D3-BF4B-00C04F79EFBC}") = "task_5.1", "task_5.1\task_5.1.csproj", "{9D41CC0D-5AE2-4335-AD19-838FEDAD352A}"
EndProject
Global
	GlobalSection(SolutionConfigurationPlatforms) = preSolution
		Debug|Any CPU = Debug|Any CPU
		Release|Any CPU = Release|Any CPU
	EndGlobalSection
	GlobalSection(ProjectConfigurationPlatforms) = postSolution
		{9D41CC0D-5AE2-4335-AD19-838FEDAD352A}.Debug|Any CPU.ActiveCfg = Debug|Any CPU
		{9D41CC0D-5AE2-4335-AD19-838FEDAD352A}.Debug|Any CPU.Build.0 = Debug|Any CPU
		{9D41CC0D-5AE2-4335-AD19-838FEDAD352A}.Release|Any CPU.ActiveCfg = Release|Any CPU
		{9D41CC0D-5AE2-4335-AD19-838FEDAD352A}.Release|Any CPU.Build.0 = Release|Any CPU
	EndGlobalSection
	GlobalSection(SolutionProperties) = preSolution
		HideSolutionNode = FALSE
	EndGlobalSection
	GlobalSection(ExtensibilityGlobals) = postSolution
		SolutionGuid = {E81C0ABC-70B8-4B74-AD55-65DF2F49F7E6}
	EndGlobalSection
EndGlobal
